
Microsoft Visual Studio Solution File, Format Version 12.00
# Visual Studio 15
VisualStudioVersion = 15.0.28307.572
MinimumVisualStudioVersion = 10.0.40219.1
Project("{FAE04EC0-301F-11D3-BF4B-00C04F79EFBC}") = "WindowsFormsApp2", "WindowsFormsApp2\WindowsFormsApp2.csproj", "{57BC1D71-FA61-44D1-B0E9-4E2A36C0E211}"
EndProject
Project("{FAE04EC0-301F-11D3-BF4B-00C04F79EFBC}") = "BLContracts", "BLContracts\BLContracts.csproj", "{60BE0964-0845-48DA-B458-AA65B2D79215}"
EndProject
Project("{FAE04EC0-301F-11D3-BF4B-00C04F79EFBC}") = "StockDataBL", "StockDataBL\StockDataBL.csproj", "{44AF0963-4601-4D28-9160-EDC36D3C4758}"
EndProject
Global
	GlobalSection(SolutionConfigurationPlatforms) = preSolution
		Debug|Any CPU = Debug|Any CPU
		Release|Any CPU = Release|Any CPU
	EndGlobalSection
	GlobalSection(ProjectConfigurationPlatforms) = postSolution
		{57BC1D71-FA61-44D1-B0E9-4E2A36C0E211}.Debug|Any CPU.ActiveCfg = Debug|Any CPU
		{57BC1D71-FA61-44D1-B0E9-4E2A36C0E211}.Debug|Any CPU.Build.0 = Debug|Any CPU
		{57BC1D71-FA61-44D1-B0E9-4E2A36C0E211}.Release|Any CPU.ActiveCfg = Release|Any CPU
		{57BC1D71-FA61-44D1-B0E9-4E2A36C0E211}.Release|Any CPU.Build.0 = Release|Any CPU
		{60BE0964-0845-48DA-B458-AA65B2D79215}.Debug|Any CPU.ActiveCfg = Debug|Any CPU
		{60BE0964-0845-48DA-B458-AA65B2D79215}.Debug|Any CPU.Build.0 = Debug|Any CPU
		{60BE0964-0845-48DA-B458-AA65B2D79215}.Release|Any CPU.ActiveCfg = Release|Any CPU
		{60BE0964-0845-48DA-B458-AA65B2D79215}.Release|Any CPU.Build.0 = Release|Any CPU
		{44AF0963-4601-4D28-9160-EDC36D3C4758}.Debug|Any CPU.ActiveCfg = Debug|Any CPU
		{44AF0963-4601-4D28-9160-EDC36D3C4758}.Debug|Any CPU.Build.0 = Debug|Any CPU
		{44AF0963-4601-4D28-9160-EDC36D3C4758}.Release|Any CPU.ActiveCfg = Release|Any CPU
		{44AF0963-4601-4D28-9160-EDC36D3C4758}.Release|Any CPU.Build.0 = Release|Any CPU
	EndGlobalSection
	GlobalSection(SolutionProperties) = preSolution
		HideSolutionNode = FALSE
	EndGlobalSection
	GlobalSection(ExtensibilityGlobals) = postSolution
		SolutionGuid = {C1F2E335-6850-4D0F-BC55-3BD90AC7E3A6}
	EndGlobalSection
EndGlobal
